
Microsoft Visual Studio Solution File, Format Version 12.00
# Visual Studio Version 16
VisualStudioVersion = 16.0.31313.79
MinimumVisualStudioVersion = 10.0.40219.1
Project("{9A19103F-16F7-4668-BE54-9A1E7A4F7556}") = "ConsoleApp", "ConsoleApp\ConsoleApp.csproj", "{A97F99BA-D4FF-475D-862F-3E4DF70A93E3}"
EndProject
Project("{FAE04EC0-301F-11D3-BF4B-00C04F79EFBC}") = "Journal", "Journal\Journal.csproj", "{AF6AF1EF-30CB-475A-B12F-898CEA607E1E}"
EndProject
Global
	GlobalSection(SolutionConfigurationPlatforms) = preSolution
		Debug|Any CPU = Debug|Any CPU
		Release|Any CPU = Release|Any CPU
	EndGlobalSection
	GlobalSection(ProjectConfigurationPlatforms) = postSolution
		{A97F99BA-D4FF-475D-862F-3E4DF70A93E3}.Debug|Any CPU.ActiveCfg = Debug|Any CPU
		{A97F99BA-D4FF-475D-862F-3E4DF70A93E3}.Debug|Any CPU.Build.0 = Debug|Any CPU
		{A97F99BA-D4FF-475D-862F-3E4DF70A93E3}.Release|Any CPU.ActiveCfg = Release|Any CPU
		{A97F99BA-D4FF-475D-862F-3E4DF70A93E3}.Release|Any CPU.Build.0 = Release|Any CPU
		{AF6AF1EF-30CB-475A-B12F-898CEA607E1E}.Debug|Any CPU.ActiveCfg = Debug|Any CPU
		{AF6AF1EF-30CB-475A-B12F-898CEA607E1E}.Debug|Any CPU.Build.0 = Debug|Any CPU
		{AF6AF1EF-30CB-475A-B12F-898CEA607E1E}.Release|Any CPU.ActiveCfg = Release|Any CPU
		{AF6AF1EF-30CB-475A-B12F-898CEA607E1E}.Release|Any CPU.Build.0 = Release|Any CPU
	EndGlobalSection
	GlobalSection(SolutionProperties) = preSolution
		HideSolutionNode = FALSE
	EndGlobalSection
	GlobalSection(ExtensibilityGlobals) = postSolution
		SolutionGuid = {9C33B6B2-B47B-4177-82B5-97143CF56C9D}
	EndGlobalSection
EndGlobal
